
Microsoft Visual Studio Solution File, Format Version 12.00
# Visual Studio Version 17
VisualStudioVersion = 17.5.002.0
MinimumVisualStudioVersion = 10.0.40219.1
Project("{9A19103F-16F7-4668-BE54-9A1E7A4F7556}") = "tempconv", "tempconv.csproj", "{B8BDE6C0-4AF6-4269-9531-1F3BF7833DD7}"
EndProject
Global
	GlobalSection(SolutionConfigurationPlatforms) = preSolution
		Debug|Any CPU = Debug|Any CPU
		Release|Any CPU = Release|Any CPU
	EndGlobalSection
	GlobalSection(ProjectConfigurationPlatforms) = postSolution
		{B8BDE6C0-4AF6-4269-9531-1F3BF7833DD7}.Debug|Any CPU.ActiveCfg = Debug|Any CPU
		{B8BDE6C0-4AF6-4269-9531-1F3BF7833DD7}.Debug|Any CPU.Build.0 = Debug|Any CPU
		{B8BDE6C0-4AF6-4269-9531-1F3BF7833DD7}.Release|Any CPU.ActiveCfg = Release|Any CPU
		{B8BDE6C0-4AF6-4269-9531-1F3BF7833DD7}.Release|Any CPU.Build.0 = Release|Any CPU
	EndGlobalSection
	GlobalSection(SolutionProperties) = preSolution
		HideSolutionNode = FALSE
	EndGlobalSection
	GlobalSection(ExtensibilityGlobals) = postSolution
		SolutionGuid = {75F8CB16-79ED-44DD-BA7D-0A124DDC9C09}
	EndGlobalSection
EndGlobal
